
Microsoft Visual Studio Solution File, Format Version 12.00
# Visual Studio Version 17
VisualStudioVersion = 17.0.31903.59
MinimumVisualStudioVersion = 10.0.40219.1
Project("{2150E333-8FDC-42A3-9474-1A3956D46DE8}") = "src", "src", "{827E0CD3-B72D-47B6-A68D-7590B98EB39B}"
EndProject
Project("{FAE04EC0-301F-11D3-BF4B-00C04F79EFBC}") = "Clinic.Domain", "src\Clinic.Domain\Clinic.Domain.csproj", "{E0A3280E-08F6-417B-94A8-A712B8DA519E}"
EndProject
Project("{FAE04EC0-301F-11D3-BF4B-00C04F79EFBC}") = "Clinic.Application", "src\Clinic.Application\Clinic.Application.csproj", "{25F137FC-D31D-4613-960E-C95B2791DF63}"
EndProject
Project("{FAE04EC0-301F-11D3-BF4B-00C04F79EFBC}") = "Clinic.Infrastructure", "src\Clinic.Infrastructure\Clinic.Infrastructure.csproj", "{73B9C87B-9A69-4517-B54E-51919530E8B9}"
EndProject
Project("{FAE04EC0-301F-11D3-BF4B-00C04F79EFBC}") = "Clinic.API", "src\Clinic.API\Clinic.API.csproj", "{52BE5872-A490-465A-95AE-D338E679727E}"
EndProject
Global
	GlobalSection(SolutionConfigurationPlatforms) = preSolution
		Debug|Any CPU = Debug|Any CPU
		Debug|x64 = Debug|x64
		Debug|x86 = Debug|x86
		Release|Any CPU = Release|Any CPU
		Release|x64 = Release|x64
		Release|x86 = Release|x86
	EndGlobalSection
	GlobalSection(ProjectConfigurationPlatforms) = postSolution
		{E0A3280E-08F6-417B-94A8-A712B8DA519E}.Debug|Any CPU.ActiveCfg = Debug|Any CPU
		{E0A3280E-08F6-417B-94A8-A712B8DA519E}.Debug|Any CPU.Build.0 = Debug|Any CPU
		{E0A3280E-08F6-417B-94A8-A712B8DA519E}.Debug|x64.ActiveCfg = Debug|Any CPU
		{E0A3280E-08F6-417B-94A8-A712B8DA519E}.Debug|x64.Build.0 = Debug|Any CPU
		{E0A3280E-08F6-417B-94A8-A712B8DA519E}.Debug|x86.ActiveCfg = Debug|Any CPU
		{E0A3280E-08F6-417B-94A8-A712B8DA519E}.Debug|x86.Build.0 = Debug|Any CPU
		{E0A3280E-08F6-417B-94A8-A712B8DA519E}.Release|Any CPU.ActiveCfg = Release|Any CPU
		{E0A3280E-08F6-417B-94A8-A712B8DA519E}.Release|Any CPU.Build.0 = Release|Any CPU
		{E0A3280E-08F6-417B-94A8-A712B8DA519E}.Release|x64.ActiveCfg = Release|Any CPU
		{E0A3280E-08F6-417B-94A8-A712B8DA519E}.Release|x64.Build.0 = Release|Any CPU
		{E0A3280E-08F6-417B-94A8-A712B8DA519E}.Release|x86.ActiveCfg = Release|Any CPU
		{E0A3280E-08F6-417B-94A8-A712B8DA519E}.Release|x86.Build.0 = Release|Any CPU
		{25F137FC-D31D-4613-960E-C95B2791DF63}.Debug|Any CPU.ActiveCfg = Debug|Any CPU
		{25F137FC-D31D-4613-960E-C95B2791DF63}.Debug|Any CPU.Build.0 = Debug|Any CPU
		{25F137FC-D31D-4613-960E-C95B2791DF63}.Debug|x64.ActiveCfg = Debug|Any CPU
		{25F137FC-D31D-4613-960E-C95B2791DF63}.Debug|x64.Build.0 = Debug|Any CPU
		{25F137FC-D31D-4613-960E-C95B2791DF63}.Debug|x86.ActiveCfg = Debug|Any CPU
		{25F137FC-D31D-4613-960E-C95B2791DF63}.Debug|x86.Build.0 = Debug|Any CPU
		{25F137FC-D31D-4613-960E-C95B2791DF63}.Release|Any CPU.ActiveCfg = Release|Any CPU
		{25F137FC-D31D-4613-960E-C95B2791DF63}.Release|Any CPU.Build.0 = Release|Any CPU
		{25F137FC-D31D-4613-960E-C95B2791DF63}.Release|x64.ActiveCfg = Release|Any CPU
		{25F137FC-D31D-4613-960E-C95B2791DF63}.Release|x64.Build.0 = Release|Any CPU
		{25F137FC-D31D-4613-960E-C95B2791DF63}.Release|x86.ActiveCfg = Release|Any CPU
		{25F137FC-D31D-4613-960E-C95B2791DF63}.Release|x86.Build.0 = Release|Any CPU
		{73B9C87B-9A69-4517-B54E-51919530E8B9}.Debug|Any CPU.ActiveCfg = Debug|Any CPU
		{73B9C87B-9A69-4517-B54E-51919530E8B9}.Debug|Any CPU.Build.0 = Debug|Any CPU
		{73B9C87B-9A69-4517-B54E-51919530E8B9}.Debug|x64.ActiveCfg = Debug|Any CPU
		{73B9C87B-9A69-4517-B54E-51919530E8B9}.Debug|x64.Build.0 = Debug|Any CPU
		{73B9C87B-9A69-4517-B54E-51919530E8B9}.Debug|x86.ActiveCfg = Debug|Any CPU
		{73B9C87B-9A69-4517-B54E-51919530E8B9}.Debug|x86.Build.0 = Debug|Any CPU
		{73B9C87B-9A69-4517-B54E-51919530E8B9}.Release|Any CPU.ActiveCfg = Release|Any CPU
		{73B9C87B-9A69-4517-B54E-51919530E8B9}.Release|Any CPU.Build.0 = Release|Any CPU
		{73B9C87B-9A69-4517-B54E-51919530E8B9}.Release|x64.ActiveCfg = Release|Any CPU
		{73B9C87B-9A69-4517-B54E-51919530E8B9}.Release|x64.Build.0 = Release|Any CPU
		{73B9C87B-9A69-4517-B54E-51919530E8B9}.Release|x86.ActiveCfg = Release|Any CPU
		{73B9C87B-9A69-4517-B54E-51919530E8B9}.Release|x86.Build.0 = Release|Any CPU
		{52BE5872-A490-465A-95AE-D338E679727E}.Debug|Any CPU.ActiveCfg = Debug|Any CPU
		{52BE5872-A490-465A-95AE-D338E679727E}.Debug|Any CPU.Build.0 = Debug|Any CPU
		{52BE5872-A490-465A-95AE-D338E679727E}.Debug|x64.ActiveCfg = Debug|Any CPU
		{52BE5872-A490-465A-95AE-D338E679727E}.Debug|x64.Build.0 = Debug|Any CPU
		{52BE5872-A490-465A-95AE-D338E679727E}.Debug|x86.ActiveCfg = Debug|Any CPU
		{52BE5872-A490-465A-95AE-D338E679727E}.Debug|x86.Build.0 = Debug|Any CPU
		{52BE5872-A490-465A-95AE-D338E679727E}.Release|Any CPU.ActiveCfg = Release|Any CPU
		{52BE5872-A490-465A-95AE-D338E679727E}.Release|Any CPU.Build.0 = Release|Any CPU
		{52BE5872-A490-465A-95AE-D338E679727E}.Release|x64.ActiveCfg = Release|Any CPU
		{52BE5872-A490-465A-95AE-D338E679727E}.Release|x64.Build.0 = Release|Any CPU
		{52BE5872-A490-465A-95AE-D338E679727E}.Release|x86.ActiveCfg = Release|Any CPU
		{52BE5872-A490-465A-95AE-D338E679727E}.Release|x86.Build.0 = Release|Any CPU
	EndGlobalSection
	GlobalSection(SolutionProperties) = preSolution
		HideSolutionNode = FALSE
	EndGlobalSection
	GlobalSection(NestedProjects) = preSolution
		{E0A3280E-08F6-417B-94A8-A712B8DA519E} = {827E0CD3-B72D-47B6-A68D-7590B98EB39B}
		{25F137FC-D31D-4613-960E-C95B2791DF63} = {827E0CD3-B72D-47B6-A68D-7590B98EB39B}
		{73B9C87B-9A69-4517-B54E-51919530E8B9} = {827E0CD3-B72D-47B6-A68D-7590B98EB39B}
		{52BE5872-A490-465A-95AE-D338E679727E} = {827E0CD3-B72D-47B6-A68D-7590B98EB39B}
	EndGlobalSection
EndGlobal
